
Microsoft Visual Studio Solution File, Format Version 12.00
# Visual Studio Version 16
VisualStudioVersion = 16.0.32228.343
MinimumVisualStudioVersion = 10.0.40219.1
Project("{FAE04EC0-301F-11D3-BF4B-00C04F79EFBC}") = "c sharp form ornegi", "c sharp form ornegi\c sharp form ornegi.csproj", "{4C02C3BD-7474-4E26-AEF6-6E477B451A62}"
EndProject
Global
	GlobalSection(SolutionConfigurationPlatforms) = preSolution
		Debug|Any CPU = Debug|Any CPU
		Release|Any CPU = Release|Any CPU
	EndGlobalSection
	GlobalSection(ProjectConfigurationPlatforms) = postSolution
		{4C02C3BD-7474-4E26-AEF6-6E477B451A62}.Debug|Any CPU.ActiveCfg = Debug|Any CPU
		{4C02C3BD-7474-4E26-AEF6-6E477B451A62}.Debug|Any CPU.Build.0 = Debug|Any CPU
		{4C02C3BD-7474-4E26-AEF6-6E477B451A62}.Release|Any CPU.ActiveCfg = Release|Any CPU
		{4C02C3BD-7474-4E26-AEF6-6E477B451A62}.Release|Any CPU.Build.0 = Release|Any CPU
	EndGlobalSection
	GlobalSection(SolutionProperties) = preSolution
		HideSolutionNode = FALSE
	EndGlobalSection
	GlobalSection(ExtensibilityGlobals) = postSolution
		SolutionGuid = {B5421B56-B501-43D4-A828-7FA41529ED37}
	EndGlobalSection
EndGlobal
