
Microsoft Visual Studio Solution File, Format Version 12.00
# Visual Studio 15
VisualStudioVersion = 15.0.28307.1738
MinimumVisualStudioVersion = 10.0.40219.1
Project("{FAE04EC0-301F-11D3-BF4B-00C04F79EFBC}") = "csharp01", "csharp01\csharp01.csproj", "{76E53909-F098-4682-A2CD-991B169CFF45}"
EndProject
Global
	GlobalSection(SolutionConfigurationPlatforms) = preSolution
		Debug|Any CPU = Debug|Any CPU
		Release|Any CPU = Release|Any CPU
	EndGlobalSection
	GlobalSection(ProjectConfigurationPlatforms) = postSolution
		{76E53909-F098-4682-A2CD-991B169CFF45}.Debug|Any CPU.ActiveCfg = Debug|Any CPU
		{76E53909-F098-4682-A2CD-991B169CFF45}.Debug|Any CPU.Build.0 = Debug|Any CPU
		{76E53909-F098-4682-A2CD-991B169CFF45}.Release|Any CPU.ActiveCfg = Release|Any CPU
		{76E53909-F098-4682-A2CD-991B169CFF45}.Release|Any CPU.Build.0 = Release|Any CPU
	EndGlobalSection
	GlobalSection(SolutionProperties) = preSolution
		HideSolutionNode = FALSE
	EndGlobalSection
	GlobalSection(ExtensibilityGlobals) = postSolution
		SolutionGuid = {790165CD-1257-4BFE-ACE8-1ABB62A46781}
	EndGlobalSection
EndGlobal
